
Microsoft Visual Studio Solution File, Format Version 12.00
# Visual Studio 15
VisualStudioVersion = 15.0.26730.12
MinimumVisualStudioVersion = 10.0.40219.1
Project("{9A19103F-16F7-4668-BE54-9A1E7A4F7556}") = "CGT.Api", "CGT.Api\CGT.Api.csproj", "{8245E99C-A1CB-4864-A567-3D791F446544}"
EndProject
Project("{2150E333-8FDC-42A3-9474-1A3956D46DE8}") = "Business", "Business", "{F3E4E2E7-E785-4F2B-9872-874819F54DE1}"
EndProject
Project("{2150E333-8FDC-42A3-9474-1A3956D46DE8}") = "Controllers", "Controllers", "{23C751ED-2E81-492D-B9B6-C2C57D204E33}"
EndProject
Project("{2150E333-8FDC-42A3-9474-1A3956D46DE8}") = "Model", "Model", "{11F9C482-459F-47DE-9159-64D211860BAE}"
EndProject
Project("{2150E333-8FDC-42A3-9474-1A3956D46DE8}") = "Repositories", "Repositories", "{AF377E2F-613E-4307-85B6-F8DB8218D34D}"
EndProject
Project("{2150E333-8FDC-42A3-9474-1A3956D46DE8}") = "Service", "Service", "{2758CF58-47CA-46F4-9DE3-BBD993E77C63}"
EndProject
Project("{9A19103F-16F7-4668-BE54-9A1E7A4F7556}") = "CGT.Api.Service", "CGT.Api.Service\CGT.Api.Service.csproj", "{BB8231BD-8296-4E79-8FC5-3645E989D495}"
EndProject
Project("{9A19103F-16F7-4668-BE54-9A1E7A4F7556}") = "CGT.Api.Controllers", "CGT.Api.Controller\CGT.Api.Controllers.csproj", "{9DC30153-C6F8-4CC1-980D-A7ABB0FF6090}"
EndProject
Project("{9A19103F-16F7-4668-BE54-9A1E7A4F7556}") = "CGT.Api.DTO", "CGT.Api.DTO\CGT.Api.DTO.csproj", "{AC4B5965-CAC1-478B-8179-4BF0A95BC908}"
EndProject
Project("{9A19103F-16F7-4668-BE54-9A1E7A4F7556}") = "CGT.Entity", "CGT.Entity\CGT.Entity.csproj", "{1245E1DF-F20F-4E3C-A916-7AB94568B010}"
EndProject
Project("{9A19103F-16F7-4668-BE54-9A1E7A4F7556}") = "CGT.Event.Model", "CGT.Event.Model\CGT.Event.Model.csproj", "{27DF239A-523F-4677-8DBE-1C19DC55AC27}"
EndProject
Project("{9A19103F-16F7-4668-BE54-9A1E7A4F7556}") = "CGT.Mongo.Repositories", "CGT.Mongo.Repositories\CGT.Mongo.Repositories.csproj", "{A3804A74-C4C8-4E9E-943F-B29FC2287D4B}"
EndProject
Project("{9A19103F-16F7-4668-BE54-9A1E7A4F7556}") = "CGT.PetaPoco.Repositories", "CGT.PetaPoco.Repositories\CGT.PetaPoco.Repositories.csproj", "{4D3E91F8-F7DF-4274-9B8D-06D237516792}"
EndProject
Project("{9A19103F-16F7-4668-BE54-9A1E7A4F7556}") = "CGT.PayCenter.Service", "CGT.PayCenter.Service\CGT.PayCenter.Service.csproj", "{58DEB36F-B943-4D86-A856-4C0C6922191A}"
EndProject
Project("{9A19103F-16F7-4668-BE54-9A1E7A4F7556}") = "CGT.Reapal.Service", "CGT.Reapal.Service\CGT.Reapal.Service.csproj", "{AD4BC02A-EFB9-4ACA-948C-8A2BD6668DA8}"
EndProject
Project("{9A19103F-16F7-4668-BE54-9A1E7A4F7556}") = "CGT.DDD", "CGT.DDD\CGT.DDD.csproj", "{2773EB61-272A-437F-8338-D6D0F0E0CF72}"
EndProject
Project("{9A19103F-16F7-4668-BE54-9A1E7A4F7556}") = "CGT.Suspended.Service", "CGT.Suspended.Service\CGT.Suspended.Service.csproj", "{E150E32C-6E50-47E6-A4DB-8AF940E97BAA}"
EndProject
Project("{2150E333-8FDC-42A3-9474-1A3956D46DE8}") = "NodeBusiness", "NodeBusiness", "{C799F477-4897-4186-913B-7DD15BEDC9A7}"
EndProject
Project("{9092AA53-FB77-4645-B42D-1CCCA6BD08BD}") = "NodeEncrpty", "NodeEncrpty\NodeEncrpty.njsproj", "{0E758F76-C438-4D5D-B843-685B09A6855A}"
EndProject
Project("{2150E333-8FDC-42A3-9474-1A3956D46DE8}") = "JmeterTest", "JmeterTest", "{25670446-19D4-4318-9C77-0E294BA707E6}"
EndProject
Project("{9A19103F-16F7-4668-BE54-9A1E7A4F7556}") = "CGT.JmeterCore", "Jmeter\CGT.JmeterCore.csproj", "{97F83074-9471-452D-9953-0CE705149A40}"
EndProject
Project("{9A19103F-16F7-4668-BE54-9A1E7A4F7556}") = "CGT.CheckTicket.Service", "CGT.CheckTicket.Service\CGT.CheckTicket.Service.csproj", "{F75992F7-4DE1-4364-ABA5-5811E18B37FD}"
EndProject
Project("{9A19103F-16F7-4668-BE54-9A1E7A4F7556}") = "CGT.Service", "CGT.Service\CGT.Service.csproj", "{48830F81-FCDF-4454-8B48-E1088715ED17}"
EndProject
Project("{9A19103F-16F7-4668-BE54-9A1E7A4F7556}") = "CGT.Base.Service", "CGT.Base.Service\CGT.Base.Service.csproj", "{C01E98A3-A3C5-4A91-BAC5-A6218A6E6125}"
EndProject
Project("{9A19103F-16F7-4668-BE54-9A1E7A4F7556}") = "CGT.JmeterCoreWeb", "CGT.JmeterCoreWeb\CGT.JmeterCoreWeb.csproj", "{4B54F27C-B615-44F1-BEA2-6B87D3AB9F8C}"
EndProject
Project("{9A19103F-16F7-4668-BE54-9A1E7A4F7556}") = "CGT.MobileMsgService", "CGT.MobileMsgService\CGT.MobileMsgService.csproj", "{060F8421-0397-4ECB-90B7-875B5CD9B507}"
EndProject
Project("{9A19103F-16F7-4668-BE54-9A1E7A4F7556}") = "CGT.UserCenter.Service", "CGT.UserCenter.Service\CGT.UserCenter.Service.csproj", "{F339DA1F-7C1C-4234-AF71-7A0E2AD9F714}"
EndProject
Project("{9A19103F-16F7-4668-BE54-9A1E7A4F7556}") = "CGT.Test", "CGT.Test\CGT.Test.csproj", "{9B168FBF-D57B-4971-85CE-714B25159BDB}"
EndProject
Project("{9A19103F-16F7-4668-BE54-9A1E7A4F7556}") = "CGT.TravelCheckTicket", "CGT.TravelCheckTicket\CGT.TravelCheckTicket.csproj", "{1DD0A364-7FD9-4D34-BCD0-D26AC938D718}"
EndProject
Project("{FAE04EC0-301F-11D3-BF4B-00C04F79EFBC}") = "CGT.Travel.Test", "CGT.Travel.Test\CGT.Travel.Test.csproj", "{C3CA803D-FC3A-4290-9774-6A5956463AB4}"
EndProject
Project("{FAE04EC0-301F-11D3-BF4B-00C04F79EFBC}") = "CGT.Travel.Test.Service", "CGT.Travel.Test.Service\CGT.Travel.Test.Service.csproj", "{12976270-3B9A-4F5B-970B-0F4ED54DD91C}"
EndProject
Global
	GlobalSection(SolutionConfigurationPlatforms) = preSolution
		Debug|Any CPU = Debug|Any CPU
		Debug|ARM = Debug|ARM
		Debug|x64 = Debug|x64
		Debug|x86 = Debug|x86
		Release|Any CPU = Release|Any CPU
		Release|ARM = Release|ARM
		Release|x64 = Release|x64
		Release|x86 = Release|x86
	EndGlobalSection
	GlobalSection(ProjectConfigurationPlatforms) = postSolution
		{8245E99C-A1CB-4864-A567-3D791F446544}.Debug|Any CPU.ActiveCfg = Debug|Any CPU
		{8245E99C-A1CB-4864-A567-3D791F446544}.Debug|Any CPU.Build.0 = Debug|Any CPU
		{8245E99C-A1CB-4864-A567-3D791F446544}.Debug|ARM.ActiveCfg = Debug|Any CPU
		{8245E99C-A1CB-4864-A567-3D791F446544}.Debug|ARM.Build.0 = Debug|Any CPU
		{8245E99C-A1CB-4864-A567-3D791F446544}.Debug|x64.ActiveCfg = Debug|Any CPU
		{8245E99C-A1CB-4864-A567-3D791F446544}.Debug|x64.Build.0 = Debug|Any CPU
		{8245E99C-A1CB-4864-A567-3D791F446544}.Debug|x86.ActiveCfg = Debug|Any CPU
		{8245E99C-A1CB-4864-A567-3D791F446544}.Debug|x86.Build.0 = Debug|Any CPU
		{8245E99C-A1CB-4864-A567-3D791F446544}.Release|Any CPU.ActiveCfg = Release|Any CPU
		{8245E99C-A1CB-4864-A567-3D791F446544}.Release|Any CPU.Build.0 = Release|Any CPU
		{8245E99C-A1CB-4864-A567-3D791F446544}.Release|ARM.ActiveCfg = Release|Any CPU
		{8245E99C-A1CB-4864-A567-3D791F446544}.Release|ARM.Build.0 = Release|Any CPU
		{8245E99C-A1CB-4864-A567-3D791F446544}.Release|x64.ActiveCfg = Release|Any CPU
		{8245E99C-A1CB-4864-A567-3D791F446544}.Release|x64.Build.0 = Release|Any CPU
		{8245E99C-A1CB-4864-A567-3D791F446544}.Release|x86.ActiveCfg = Release|Any CPU
		{8245E99C-A1CB-4864-A567-3D791F446544}.Release|x86.Build.0 = Release|Any CPU
		{BB8231BD-8296-4E79-8FC5-3645E989D495}.Debug|Any CPU.ActiveCfg = Debug|Any CPU
		{BB8231BD-8296-4E79-8FC5-3645E989D495}.Debug|Any CPU.Build.0 = Debug|Any CPU
		{BB8231BD-8296-4E79-8FC5-3645E989D495}.Debug|ARM.ActiveCfg = Debug|Any CPU
		{BB8231BD-8296-4E79-8FC5-3645E989D495}.Debug|ARM.Build.0 = Debug|Any CPU
		{BB8231BD-8296-4E79-8FC5-3645E989D495}.Debug|x64.ActiveCfg = Debug|Any CPU
		{BB8231BD-8296-4E79-8FC5-3645E989D495}.Debug|x64.Build.0 = Debug|Any CPU
		{BB8231BD-8296-4E79-8FC5-3645E989D495}.Debug|x86.ActiveCfg = Debug|Any CPU
		{BB8231BD-8296-4E79-8FC5-3645E989D495}.Debug|x86.Build.0 = Debug|Any CPU
		{BB8231BD-8296-4E79-8FC5-3645E989D495}.Release|Any CPU.ActiveCfg = Release|Any CPU
		{BB8231BD-8296-4E79-8FC5-3645E989D495}.Release|Any CPU.Build.0 = Release|Any CPU
		{BB8231BD-8296-4E79-8FC5-3645E989D495}.Release|ARM.ActiveCfg = Release|Any CPU
		{BB8231BD-8296-4E79-8FC5-3645E989D495}.Release|ARM.Build.0 = Release|Any CPU
		{BB8231BD-8296-4E79-8FC5-3645E989D495}.Release|x64.ActiveCfg = Release|Any CPU
		{BB8231BD-8296-4E79-8FC5-3645E989D495}.Release|x64.Build.0 = Release|Any CPU
		{BB8231BD-8296-4E79-8FC5-3645E989D495}.Release|x86.ActiveCfg = Release|Any CPU
		{BB8231BD-8296-4E79-8FC5-3645E989D495}.Release|x86.Build.0 = Release|Any CPU
		{9DC30153-C6F8-4CC1-980D-A7ABB0FF6090}.Debug|Any CPU.ActiveCfg = Debug|Any CPU
		{9DC30153-C6F8-4CC1-980D-A7ABB0FF6090}.Debug|Any CPU.Build.0 = Debug|Any CPU
		{9DC30153-C6F8-4CC1-980D-A7ABB0FF6090}.Debug|ARM.ActiveCfg = Debug|Any CPU
		{9DC30153-C6F8-4CC1-980D-A7ABB0FF6090}.Debug|ARM.Build.0 = Debug|Any CPU
		{9DC30153-C6F8-4CC1-980D-A7ABB0FF6090}.Debug|x64.ActiveCfg = Debug|Any CPU
		{9DC30153-C6F8-4CC1-980D-A7ABB0FF6090}.Debug|x64.Build.0 = Debug|Any CPU
		{9DC30153-C6F8-4CC1-980D-A7ABB0FF6090}.Debug|x86.ActiveCfg = Debug|Any CPU
		{9DC30153-C6F8-4CC1-980D-A7ABB0FF6090}.Debug|x86.Build.0 = Debug|Any CPU
		{9DC30153-C6F8-4CC1-980D-A7ABB0FF6090}.Release|Any CPU.ActiveCfg = Release|Any CPU
		{9DC30153-C6F8-4CC1-980D-A7ABB0FF6090}.Release|Any CPU.Build.0 = Release|Any CPU
		{9DC30153-C6F8-4CC1-980D-A7ABB0FF6090}.Release|ARM.ActiveCfg = Release|Any CPU
		{9DC30153-C6F8-4CC1-980D-A7ABB0FF6090}.Release|ARM.Build.0 = Release|Any CPU
		{9DC30153-C6F8-4CC1-980D-A7ABB0FF6090}.Release|x64.ActiveCfg = Release|Any CPU
		{9DC30153-C6F8-4CC1-980D-A7ABB0FF6090}.Release|x64.Build.0 = Release|Any CPU
		{9DC30153-C6F8-4CC1-980D-A7ABB0FF6090}.Release|x86.ActiveCfg = Release|Any CPU
		{9DC30153-C6F8-4CC1-980D-A7ABB0FF6090}.Release|x86.Build.0 = Release|Any CPU
		{AC4B5965-CAC1-478B-8179-4BF0A95BC908}.Debug|Any CPU.ActiveCfg = Debug|Any CPU
		{AC4B5965-CAC1-478B-8179-4BF0A95BC908}.Debug|Any CPU.Build.0 = Debug|Any CPU
		{AC4B5965-CAC1-478B-8179-4BF0A95BC908}.Debug|ARM.ActiveCfg = Debug|Any CPU
		{AC4B5965-CAC1-478B-8179-4BF0A95BC908}.Debug|ARM.Build.0 = Debug|Any CPU
		{AC4B5965-CAC1-478B-8179-4BF0A95BC908}.Debug|x64.ActiveCfg = Debug|Any CPU
		{AC4B5965-CAC1-478B-8179-4BF0A95BC908}.Debug|x64.Build.0 = Debug|Any CPU
		{AC4B5965-CAC1-478B-8179-4BF0A95BC908}.Debug|x86.ActiveCfg = Debug|Any CPU
		{AC4B5965-CAC1-478B-8179-4BF0A95BC908}.Debug|x86.Build.0 = Debug|Any CPU
		{AC4B5965-CAC1-478B-8179-4BF0A95BC908}.Release|Any CPU.ActiveCfg = Release|Any CPU
		{AC4B5965-CAC1-478B-8179-4BF0A95BC908}.Release|Any CPU.Build.0 = Release|Any CPU
		{AC4B5965-CAC1-478B-8179-4BF0A95BC908}.Release|ARM.ActiveCfg = Release|Any CPU
		{AC4B5965-CAC1-478B-8179-4BF0A95BC908}.Release|ARM.Build.0 = Release|Any CPU
		{AC4B5965-CAC1-478B-8179-4BF0A95BC908}.Release|x64.ActiveCfg = Release|Any CPU
		{AC4B5965-CAC1-478B-8179-4BF0A95BC908}.Release|x64.Build.0 = Release|Any CPU
		{AC4B5965-CAC1-478B-8179-4BF0A95BC908}.Release|x86.ActiveCfg = Release|Any CPU
		{AC4B5965-CAC1-478B-8179-4BF0A95BC908}.Release|x86.Build.0 = Release|Any CPU
		{1245E1DF-F20F-4E3C-A916-7AB94568B010}.Debug|Any CPU.ActiveCfg = Debug|Any CPU
		{1245E1DF-F20F-4E3C-A916-7AB94568B010}.Debug|Any CPU.Build.0 = Debug|Any CPU
		{1245E1DF-F20F-4E3C-A916-7AB94568B010}.Debug|ARM.ActiveCfg = Debug|Any CPU
		{1245E1DF-F20F-4E3C-A916-7AB94568B010}.Debug|ARM.Build.0 = Debug|Any CPU
		{1245E1DF-F20F-4E3C-A916-7AB94568B010}.Debug|x64.ActiveCfg = Debug|Any CPU
		{1245E1DF-F20F-4E3C-A916-7AB94568B010}.Debug|x64.Build.0 = Debug|Any CPU
		{1245E1DF-F20F-4E3C-A916-7AB94568B010}.Debug|x86.ActiveCfg = Debug|Any CPU
		{1245E1DF-F20F-4E3C-A916-7AB94568B010}.Debug|x86.Build.0 = Debug|Any CPU
		{1245E1DF-F20F-4E3C-A916-7AB94568B010}.Release|Any CPU.ActiveCfg = Release|Any CPU
		{1245E1DF-F20F-4E3C-A916-7AB94568B010}.Release|Any CPU.Build.0 = Release|Any CPU
		{1245E1DF-F20F-4E3C-A916-7AB94568B010}.Release|ARM.ActiveCfg = Release|Any CPU
		{1245E1DF-F20F-4E3C-A916-7AB94568B010}.Release|ARM.Build.0 = Release|Any CPU
		{1245E1DF-F20F-4E3C-A916-7AB94568B010}.Release|x64.ActiveCfg = Release|Any CPU
		{1245E1DF-F20F-4E3C-A916-7AB94568B010}.Release|x64.Build.0 = Release|Any CPU
		{1245E1DF-F20F-4E3C-A916-7AB94568B010}.Release|x86.ActiveCfg = Release|Any CPU
		{1245E1DF-F20F-4E3C-A916-7AB94568B010}.Release|x86.Build.0 = Release|Any CPU
		{27DF239A-523F-4677-8DBE-1C19DC55AC27}.Debug|Any CPU.ActiveCfg = Debug|Any CPU
		{27DF239A-523F-4677-8DBE-1C19DC55AC27}.Debug|Any CPU.Build.0 = Debug|Any CPU
		{27DF239A-523F-4677-8DBE-1C19DC55AC27}.Debug|ARM.ActiveCfg = Debug|Any CPU
		{27DF239A-523F-4677-8DBE-1C19DC55AC27}.Debug|ARM.Build.0 = Debug|Any CPU
		{27DF239A-523F-4677-8DBE-1C19DC55AC27}.Debug|x64.ActiveCfg = Debug|Any CPU
		{27DF239A-523F-4677-8DBE-1C19DC55AC27}.Debug|x64.Build.0 = Debug|Any CPU
		{27DF239A-523F-4677-8DBE-1C19DC55AC27}.Debug|x86.ActiveCfg = Debug|Any CPU
		{27DF239A-523F-4677-8DBE-1C19DC55AC27}.Debug|x86.Build.0 = Debug|Any CPU
		{27DF239A-523F-4677-8DBE-1C19DC55AC27}.Release|Any CPU.ActiveCfg = Release|Any CPU
		{27DF239A-523F-4677-8DBE-1C19DC55AC27}.Release|Any CPU.Build.0 = Release|Any CPU
		{27DF239A-523F-4677-8DBE-1C19DC55AC27}.Release|ARM.ActiveCfg = Release|Any CPU
		{27DF239A-523F-4677-8DBE-1C19DC55AC27}.Release|ARM.Build.0 = Release|Any CPU
		{27DF239A-523F-4677-8DBE-1C19DC55AC27}.Release|x64.ActiveCfg = Release|Any CPU
		{27DF239A-523F-4677-8DBE-1C19DC55AC27}.Release|x64.Build.0 = Release|Any CPU
		{27DF239A-523F-4677-8DBE-1C19DC55AC27}.Release|x86.ActiveCfg = Release|Any CPU
		{27DF239A-523F-4677-8DBE-1C19DC55AC27}.Release|x86.Build.0 = Release|Any CPU
		{A3804A74-C4C8-4E9E-943F-B29FC2287D4B}.Debug|Any CPU.ActiveCfg = Debug|Any CPU
		{A3804A74-C4C8-4E9E-943F-B29FC2287D4B}.Debug|Any CPU.Build.0 = Debug|Any CPU
		{A3804A74-C4C8-4E9E-943F-B29FC2287D4B}.Debug|ARM.ActiveCfg = Debug|Any CPU
		{A3804A74-C4C8-4E9E-943F-B29FC2287D4B}.Debug|ARM.Build.0 = Debug|Any CPU
		{A3804A74-C4C8-4E9E-943F-B29FC2287D4B}.Debug|x64.ActiveCfg = Debug|Any CPU
		{A3804A74-C4C8-4E9E-943F-B29FC2287D4B}.Debug|x64.Build.0 = Debug|Any CPU
		{A3804A74-C4C8-4E9E-943F-B29FC2287D4B}.Debug|x86.ActiveCfg = Debug|Any CPU
		{A3804A74-C4C8-4E9E-943F-B29FC2287D4B}.Debug|x86.Build.0 = Debug|Any CPU
		{A3804A74-C4C8-4E9E-943F-B29FC2287D4B}.Release|Any CPU.ActiveCfg = Release|Any CPU
		{A3804A74-C4C8-4E9E-943F-B29FC2287D4B}.Release|Any CPU.Build.0 = Release|Any CPU
		{A3804A74-C4C8-4E9E-943F-B29FC2287D4B}.Release|ARM.ActiveCfg = Release|Any CPU
		{A3804A74-C4C8-4E9E-943F-B29FC2287D4B}.Release|ARM.Build.0 = Release|Any CPU
		{A3804A74-C4C8-4E9E-943F-B29FC2287D4B}.Release|x64.ActiveCfg = Release|Any CPU
		{A3804A74-C4C8-4E9E-943F-B29FC2287D4B}.Release|x64.Build.0 = Release|Any CPU
		{A3804A74-C4C8-4E9E-943F-B29FC2287D4B}.Release|x86.ActiveCfg = Release|Any CPU
		{A3804A74-C4C8-4E9E-943F-B29FC2287D4B}.Release|x86.Build.0 = Release|Any CPU
		{4D3E91F8-F7DF-4274-9B8D-06D237516792}.Debug|Any CPU.ActiveCfg = Debug|Any CPU
		{4D3E91F8-F7DF-4274-9B8D-06D237516792}.Debug|Any CPU.Build.0 = Debug|Any CPU
		{4D3E91F8-F7DF-4274-9B8D-06D237516792}.Debug|ARM.ActiveCfg = Debug|Any CPU
		{4D3E91F8-F7DF-4274-9B8D-06D237516792}.Debug|ARM.Build.0 = Debug|Any CPU
		{4D3E91F8-F7DF-4274-9B8D-06D237516792}.Debug|x64.ActiveCfg = Debug|Any CPU
		{4D3E91F8-F7DF-4274-9B8D-06D237516792}.Debug|x64.Build.0 = Debug|Any CPU
		{4D3E91F8-F7DF-4274-9B8D-06D237516792}.Debug|x86.ActiveCfg = Debug|Any CPU
		{4D3E91F8-F7DF-4274-9B8D-06D237516792}.Debug|x86.Build.0 = Debug|Any CPU
		{4D3E91F8-F7DF-4274-9B8D-06D237516792}.Release|Any CPU.ActiveCfg = Release|Any CPU
		{4D3E91F8-F7DF-4274-9B8D-06D237516792}.Release|Any CPU.Build.0 = Release|Any CPU
		{4D3E91F8-F7DF-4274-9B8D-06D237516792}.Release|ARM.ActiveCfg = Release|Any CPU
		{4D3E91F8-F7DF-4274-9B8D-06D237516792}.Release|ARM.Build.0 = Release|Any CPU
		{4D3E91F8-F7DF-4274-9B8D-06D237516792}.Release|x64.ActiveCfg = Release|Any CPU
		{4D3E91F8-F7DF-4274-9B8D-06D237516792}.Release|x64.Build.0 = Release|Any CPU
		{4D3E91F8-F7DF-4274-9B8D-06D237516792}.Release|x86.ActiveCfg = Release|Any CPU
		{4D3E91F8-F7DF-4274-9B8D-06D237516792}.Release|x86.Build.0 = Release|Any CPU
		{58DEB36F-B943-4D86-A856-4C0C6922191A}.Debug|Any CPU.ActiveCfg = Debug|Any CPU
		{58DEB36F-B943-4D86-A856-4C0C6922191A}.Debug|Any CPU.Build.0 = Debug|Any CPU
		{58DEB36F-B943-4D86-A856-4C0C6922191A}.Debug|ARM.ActiveCfg = Debug|Any CPU
		{58DEB36F-B943-4D86-A856-4C0C6922191A}.Debug|ARM.Build.0 = Debug|Any CPU
		{58DEB36F-B943-4D86-A856-4C0C6922191A}.Debug|x64.ActiveCfg = Debug|Any CPU
		{58DEB36F-B943-4D86-A856-4C0C6922191A}.Debug|x64.Build.0 = Debug|Any CPU
		{58DEB36F-B943-4D86-A856-4C0C6922191A}.Debug|x86.ActiveCfg = Debug|Any CPU
		{58DEB36F-B943-4D86-A856-4C0C6922191A}.Debug|x86.Build.0 = Debug|Any CPU
		{58DEB36F-B943-4D86-A856-4C0C6922191A}.Release|Any CPU.ActiveCfg = Release|Any CPU
		{58DEB36F-B943-4D86-A856-4C0C6922191A}.Release|Any CPU.Build.0 = Release|Any CPU
		{58DEB36F-B943-4D86-A856-4C0C6922191A}.Release|ARM.ActiveCfg = Release|Any CPU
		{58DEB36F-B943-4D86-A856-4C0C6922191A}.Release|ARM.Build.0 = Release|Any CPU
		{58DEB36F-B943-4D86-A856-4C0C6922191A}.Release|x64.ActiveCfg = Release|Any CPU
		{58DEB36F-B943-4D86-A856-4C0C6922191A}.Release|x64.Build.0 = Release|Any CPU
		{58DEB36F-B943-4D86-A856-4C0C6922191A}.Release|x86.ActiveCfg = Release|Any CPU
		{58DEB36F-B943-4D86-A856-4C0C6922191A}.Release|x86.Build.0 = Release|Any CPU
		{AD4BC02A-EFB9-4ACA-948C-8A2BD6668DA8}.Debug|Any CPU.ActiveCfg = Debug|Any CPU
		{AD4BC02A-EFB9-4ACA-948C-8A2BD6668DA8}.Debug|Any CPU.Build.0 = Debug|Any CPU
		{AD4BC02A-EFB9-4ACA-948C-8A2BD6668DA8}.Debug|ARM.ActiveCfg = Debug|Any CPU
		{AD4BC02A-EFB9-4ACA-948C-8A2BD6668DA8}.Debug|ARM.Build.0 = Debug|Any CPU
		{AD4BC02A-EFB9-4ACA-948C-8A2BD6668DA8}.Debug|x64.ActiveCfg = Debug|Any CPU
		{AD4BC02A-EFB9-4ACA-948C-8A2BD6668DA8}.Debug|x64.Build.0 = Debug|Any CPU
		{AD4BC02A-EFB9-4ACA-948C-8A2BD6668DA8}.Debug|x86.ActiveCfg = Debug|Any CPU
		{AD4BC02A-EFB9-4ACA-948C-8A2BD6668DA8}.Debug|x86.Build.0 = Debug|Any CPU
		{AD4BC02A-EFB9-4ACA-948C-8A2BD6668DA8}.Release|Any CPU.ActiveCfg = Release|Any CPU
		{AD4BC02A-EFB9-4ACA-948C-8A2BD6668DA8}.Release|Any CPU.Build.0 = Release|Any CPU
		{AD4BC02A-EFB9-4ACA-948C-8A2BD6668DA8}.Release|ARM.ActiveCfg = Release|Any CPU
		{AD4BC02A-EFB9-4ACA-948C-8A2BD6668DA8}.Release|ARM.Build.0 = Release|Any CPU
		{AD4BC02A-EFB9-4ACA-948C-8A2BD6668DA8}.Release|x64.ActiveCfg = Release|Any CPU
		{AD4BC02A-EFB9-4ACA-948C-8A2BD6668DA8}.Release|x64.Build.0 = Release|Any CPU
		{AD4BC02A-EFB9-4ACA-948C-8A2BD6668DA8}.Release|x86.ActiveCfg = Release|Any CPU
		{AD4BC02A-EFB9-4ACA-948C-8A2BD6668DA8}.Release|x86.Build.0 = Release|Any CPU
		{2773EB61-272A-437F-8338-D6D0F0E0CF72}.Debug|Any CPU.ActiveCfg = Debug|Any CPU
		{2773EB61-272A-437F-8338-D6D0F0E0CF72}.Debug|Any CPU.Build.0 = Debug|Any CPU
		{2773EB61-272A-437F-8338-D6D0F0E0CF72}.Debug|ARM.ActiveCfg = Debug|Any CPU
		{2773EB61-272A-437F-8338-D6D0F0E0CF72}.Debug|ARM.Build.0 = Debug|Any CPU
		{2773EB61-272A-437F-8338-D6D0F0E0CF72}.Debug|x64.ActiveCfg = Debug|Any CPU
		{2773EB61-272A-437F-8338-D6D0F0E0CF72}.Debug|x64.Build.0 = Debug|Any CPU
		{2773EB61-272A-437F-8338-D6D0F0E0CF72}.Debug|x86.ActiveCfg = Debug|Any CPU
		{2773EB61-272A-437F-8338-D6D0F0E0CF72}.Debug|x86.Build.0 = Debug|Any CPU
		{2773EB61-272A-437F-8338-D6D0F0E0CF72}.Release|Any CPU.ActiveCfg = Release|Any CPU
		{2773EB61-272A-437F-8338-D6D0F0E0CF72}.Release|Any CPU.Build.0 = Release|Any CPU
		{2773EB61-272A-437F-8338-D6D0F0E0CF72}.Release|ARM.ActiveCfg = Release|Any CPU
		{2773EB61-272A-437F-8338-D6D0F0E0CF72}.Release|ARM.Build.0 = Release|Any CPU
		{2773EB61-272A-437F-8338-D6D0F0E0CF72}.Release|x64.ActiveCfg = Release|Any CPU
		{2773EB61-272A-437F-8338-D6D0F0E0CF72}.Release|x64.Build.0 = Release|Any CPU
		{2773EB61-272A-437F-8338-D6D0F0E0CF72}.Release|x86.ActiveCfg = Release|Any CPU
		{2773EB61-272A-437F-8338-D6D0F0E0CF72}.Release|x86.Build.0 = Release|Any CPU
		{E150E32C-6E50-47E6-A4DB-8AF940E97BAA}.Debug|Any CPU.ActiveCfg = Debug|Any CPU
		{E150E32C-6E50-47E6-A4DB-8AF940E97BAA}.Debug|Any CPU.Build.0 = Debug|Any CPU
		{E150E32C-6E50-47E6-A4DB-8AF940E97BAA}.Debug|ARM.ActiveCfg = Debug|Any CPU
		{E150E32C-6E50-47E6-A4DB-8AF940E97BAA}.Debug|ARM.Build.0 = Debug|Any CPU
		{E150E32C-6E50-47E6-A4DB-8AF940E97BAA}.Debug|x64.ActiveCfg = Debug|Any CPU
		{E150E32C-6E50-47E6-A4DB-8AF940E97BAA}.Debug|x64.Build.0 = Debug|Any CPU
		{E150E32C-6E50-47E6-A4DB-8AF940E97BAA}.Debug|x86.ActiveCfg = Debug|Any CPU
		{E150E32C-6E50-47E6-A4DB-8AF940E97BAA}.Debug|x86.Build.0 = Debug|Any CPU
		{E150E32C-6E50-47E6-A4DB-8AF940E97BAA}.Release|Any CPU.ActiveCfg = Release|Any CPU
		{E150E32C-6E50-47E6-A4DB-8AF940E97BAA}.Release|Any CPU.Build.0 = Release|Any CPU
		{E150E32C-6E50-47E6-A4DB-8AF940E97BAA}.Release|ARM.ActiveCfg = Release|Any CPU
		{E150E32C-6E50-47E6-A4DB-8AF940E97BAA}.Release|ARM.Build.0 = Release|Any CPU
		{E150E32C-6E50-47E6-A4DB-8AF940E97BAA}.Release|x64.ActiveCfg = Release|Any CPU
		{E150E32C-6E50-47E6-A4DB-8AF940E97BAA}.Release|x64.Build.0 = Release|Any CPU
		{E150E32C-6E50-47E6-A4DB-8AF940E97BAA}.Release|x86.ActiveCfg = Release|Any CPU
		{E150E32C-6E50-47E6-A4DB-8AF940E97BAA}.Release|x86.Build.0 = Release|Any CPU
		{0E758F76-C438-4D5D-B843-685B09A6855A}.Debug|Any CPU.ActiveCfg = Debug|Any CPU
		{0E758F76-C438-4D5D-B843-685B09A6855A}.Debug|Any CPU.Build.0 = Debug|Any CPU
		{0E758F76-C438-4D5D-B843-685B09A6855A}.Debug|ARM.ActiveCfg = Debug|Any CPU
		{0E758F76-C438-4D5D-B843-685B09A6855A}.Debug|ARM.Build.0 = Debug|Any CPU
		{0E758F76-C438-4D5D-B843-685B09A6855A}.Debug|x64.ActiveCfg = Debug|Any CPU
		{0E758F76-C438-4D5D-B843-685B09A6855A}.Debug|x64.Build.0 = Debug|Any CPU
		{0E758F76-C438-4D5D-B843-685B09A6855A}.Debug|x86.ActiveCfg = Debug|Any CPU
		{0E758F76-C438-4D5D-B843-685B09A6855A}.Debug|x86.Build.0 = Debug|Any CPU
		{0E758F76-C438-4D5D-B843-685B09A6855A}.Release|Any CPU.ActiveCfg = Release|Any CPU
		{0E758F76-C438-4D5D-B843-685B09A6855A}.Release|Any CPU.Build.0 = Release|Any CPU
		{0E758F76-C438-4D5D-B843-685B09A6855A}.Release|ARM.ActiveCfg = Release|Any CPU
		{0E758F76-C438-4D5D-B843-685B09A6855A}.Release|ARM.Build.0 = Release|Any CPU
		{0E758F76-C438-4D5D-B843-685B09A6855A}.Release|x64.ActiveCfg = Release|Any CPU
		{0E758F76-C438-4D5D-B843-685B09A6855A}.Release|x64.Build.0 = Release|Any CPU
		{0E758F76-C438-4D5D-B843-685B09A6855A}.Release|x86.ActiveCfg = Release|Any CPU
		{0E758F76-C438-4D5D-B843-685B09A6855A}.Release|x86.Build.0 = Release|Any CPU
		{97F83074-9471-452D-9953-0CE705149A40}.Debug|Any CPU.ActiveCfg = Debug|Any CPU
		{97F83074-9471-452D-9953-0CE705149A40}.Debug|Any CPU.Build.0 = Debug|Any CPU
		{97F83074-9471-452D-9953-0CE705149A40}.Debug|ARM.ActiveCfg = Debug|Any CPU
		{97F83074-9471-452D-9953-0CE705149A40}.Debug|ARM.Build.0 = Debug|Any CPU
		{97F83074-9471-452D-9953-0CE705149A40}.Debug|x64.ActiveCfg = Debug|Any CPU
		{97F83074-9471-452D-9953-0CE705149A40}.Debug|x64.Build.0 = Debug|Any CPU
		{97F83074-9471-452D-9953-0CE705149A40}.Debug|x86.ActiveCfg = Debug|Any CPU
		{97F83074-9471-452D-9953-0CE705149A40}.Debug|x86.Build.0 = Debug|Any CPU
		{97F83074-9471-452D-9953-0CE705149A40}.Release|Any CPU.ActiveCfg = Release|Any CPU
		{97F83074-9471-452D-9953-0CE705149A40}.Release|Any CPU.Build.0 = Release|Any CPU
		{97F83074-9471-452D-9953-0CE705149A40}.Release|ARM.ActiveCfg = Release|Any CPU
		{97F83074-9471-452D-9953-0CE705149A40}.Release|ARM.Build.0 = Release|Any CPU
		{97F83074-9471-452D-9953-0CE705149A40}.Release|x64.ActiveCfg = Release|Any CPU
		{97F83074-9471-452D-9953-0CE705149A40}.Release|x64.Build.0 = Release|Any CPU
		{97F83074-9471-452D-9953-0CE705149A40}.Release|x86.ActiveCfg = Release|Any CPU
		{97F83074-9471-452D-9953-0CE705149A40}.Release|x86.Build.0 = Release|Any CPU
		{F75992F7-4DE1-4364-ABA5-5811E18B37FD}.Debug|Any CPU.ActiveCfg = Debug|Any CPU
		{F75992F7-4DE1-4364-ABA5-5811E18B37FD}.Debug|Any CPU.Build.0 = Debug|Any CPU
		{F75992F7-4DE1-4364-ABA5-5811E18B37FD}.Debug|ARM.ActiveCfg = Debug|Any CPU
		{F75992F7-4DE1-4364-ABA5-5811E18B37FD}.Debug|ARM.Build.0 = Debug|Any CPU
		{F75992F7-4DE1-4364-ABA5-5811E18B37FD}.Debug|x64.ActiveCfg = Debug|Any CPU
		{F75992F7-4DE1-4364-ABA5-5811E18B37FD}.Debug|x64.Build.0 = Debug|Any CPU
		{F75992F7-4DE1-4364-ABA5-5811E18B37FD}.Debug|x86.ActiveCfg = Debug|Any CPU
		{F75992F7-4DE1-4364-ABA5-5811E18B37FD}.Debug|x86.Build.0 = Debug|Any CPU
		{F75992F7-4DE1-4364-ABA5-5811E18B37FD}.Release|Any CPU.ActiveCfg = Release|Any CPU
		{F75992F7-4DE1-4364-ABA5-5811E18B37FD}.Release|Any CPU.Build.0 = Release|Any CPU
		{F75992F7-4DE1-4364-ABA5-5811E18B37FD}.Release|ARM.ActiveCfg = Release|Any CPU
		{F75992F7-4DE1-4364-ABA5-5811E18B37FD}.Release|ARM.Build.0 = Release|Any CPU
		{F75992F7-4DE1-4364-ABA5-5811E18B37FD}.Release|x64.ActiveCfg = Release|Any CPU
		{F75992F7-4DE1-4364-ABA5-5811E18B37FD}.Release|x64.Build.0 = Release|Any CPU
		{F75992F7-4DE1-4364-ABA5-5811E18B37FD}.Release|x86.ActiveCfg = Release|Any CPU
		{F75992F7-4DE1-4364-ABA5-5811E18B37FD}.Release|x86.Build.0 = Release|Any CPU
		{48830F81-FCDF-4454-8B48-E1088715ED17}.Debug|Any CPU.ActiveCfg = Debug|Any CPU
		{48830F81-FCDF-4454-8B48-E1088715ED17}.Debug|Any CPU.Build.0 = Debug|Any CPU
		{48830F81-FCDF-4454-8B48-E1088715ED17}.Debug|ARM.ActiveCfg = Debug|Any CPU
		{48830F81-FCDF-4454-8B48-E1088715ED17}.Debug|ARM.Build.0 = Debug|Any CPU
		{48830F81-FCDF-4454-8B48-E1088715ED17}.Debug|x64.ActiveCfg = Debug|Any CPU
		{48830F81-FCDF-4454-8B48-E1088715ED17}.Debug|x64.Build.0 = Debug|Any CPU
		{48830F81-FCDF-4454-8B48-E1088715ED17}.Debug|x86.ActiveCfg = Debug|Any CPU
		{48830F81-FCDF-4454-8B48-E1088715ED17}.Debug|x86.Build.0 = Debug|Any CPU
		{48830F81-FCDF-4454-8B48-E1088715ED17}.Release|Any CPU.ActiveCfg = Release|Any CPU
		{48830F81-FCDF-4454-8B48-E1088715ED17}.Release|Any CPU.Build.0 = Release|Any CPU
		{48830F81-FCDF-4454-8B48-E1088715ED17}.Release|ARM.ActiveCfg = Release|Any CPU
		{48830F81-FCDF-4454-8B48-E1088715ED17}.Release|ARM.Build.0 = Release|Any CPU
		{48830F81-FCDF-4454-8B48-E1088715ED17}.Release|x64.ActiveCfg = Release|Any CPU
		{48830F81-FCDF-4454-8B48-E1088715ED17}.Release|x64.Build.0 = Release|Any CPU
		{48830F81-FCDF-4454-8B48-E1088715ED17}.Release|x86.ActiveCfg = Release|Any CPU
		{48830F81-FCDF-4454-8B48-E1088715ED17}.Release|x86.Build.0 = Release|Any CPU
		{C01E98A3-A3C5-4A91-BAC5-A6218A6E6125}.Debug|Any CPU.ActiveCfg = Debug|Any CPU
		{C01E98A3-A3C5-4A91-BAC5-A6218A6E6125}.Debug|Any CPU.Build.0 = Debug|Any CPU
		{C01E98A3-A3C5-4A91-BAC5-A6218A6E6125}.Debug|ARM.ActiveCfg = Debug|Any CPU
		{C01E98A3-A3C5-4A91-BAC5-A6218A6E6125}.Debug|ARM.Build.0 = Debug|Any CPU
		{C01E98A3-A3C5-4A91-BAC5-A6218A6E6125}.Debug|x64.ActiveCfg = Debug|Any CPU
		{C01E98A3-A3C5-4A91-BAC5-A6218A6E6125}.Debug|x64.Build.0 = Debug|Any CPU
		{C01E98A3-A3C5-4A91-BAC5-A6218A6E6125}.Debug|x86.ActiveCfg = Debug|Any CPU
		{C01E98A3-A3C5-4A91-BAC5-A6218A6E6125}.Debug|x86.Build.0 = Debug|Any CPU
		{C01E98A3-A3C5-4A91-BAC5-A6218A6E6125}.Release|Any CPU.ActiveCfg = Release|Any CPU
		{C01E98A3-A3C5-4A91-BAC5-A6218A6E6125}.Release|Any CPU.Build.0 = Release|Any CPU
		{C01E98A3-A3C5-4A91-BAC5-A6218A6E6125}.Release|ARM.ActiveCfg = Release|Any CPU
		{C01E98A3-A3C5-4A91-BAC5-A6218A6E6125}.Release|ARM.Build.0 = Release|Any CPU
		{C01E98A3-A3C5-4A91-BAC5-A6218A6E6125}.Release|x64.ActiveCfg = Release|Any CPU
		{C01E98A3-A3C5-4A91-BAC5-A6218A6E6125}.Release|x64.Build.0 = Release|Any CPU
		{C01E98A3-A3C5-4A91-BAC5-A6218A6E6125}.Release|x86.ActiveCfg = Release|Any CPU
		{C01E98A3-A3C5-4A91-BAC5-A6218A6E6125}.Release|x86.Build.0 = Release|Any CPU
		{4B54F27C-B615-44F1-BEA2-6B87D3AB9F8C}.Debug|Any CPU.ActiveCfg = Debug|Any CPU
		{4B54F27C-B615-44F1-BEA2-6B87D3AB9F8C}.Debug|Any CPU.Build.0 = Debug|Any CPU
		{4B54F27C-B615-44F1-BEA2-6B87D3AB9F8C}.Debug|ARM.ActiveCfg = Debug|Any CPU
		{4B54F27C-B615-44F1-BEA2-6B87D3AB9F8C}.Debug|ARM.Build.0 = Debug|Any CPU
		{4B54F27C-B615-44F1-BEA2-6B87D3AB9F8C}.Debug|x64.ActiveCfg = Debug|Any CPU
		{4B54F27C-B615-44F1-BEA2-6B87D3AB9F8C}.Debug|x64.Build.0 = Debug|Any CPU
		{4B54F27C-B615-44F1-BEA2-6B87D3AB9F8C}.Debug|x86.ActiveCfg = Debug|Any CPU
		{4B54F27C-B615-44F1-BEA2-6B87D3AB9F8C}.Debug|x86.Build.0 = Debug|Any CPU
		{4B54F27C-B615-44F1-BEA2-6B87D3AB9F8C}.Release|Any CPU.ActiveCfg = Release|Any CPU
		{4B54F27C-B615-44F1-BEA2-6B87D3AB9F8C}.Release|Any CPU.Build.0 = Release|Any CPU
		{4B54F27C-B615-44F1-BEA2-6B87D3AB9F8C}.Release|ARM.ActiveCfg = Release|Any CPU
		{4B54F27C-B615-44F1-BEA2-6B87D3AB9F8C}.Release|ARM.Build.0 = Release|Any CPU
		{4B54F27C-B615-44F1-BEA2-6B87D3AB9F8C}.Release|x64.ActiveCfg = Release|Any CPU
		{4B54F27C-B615-44F1-BEA2-6B87D3AB9F8C}.Release|x64.Build.0 = Release|Any CPU
		{4B54F27C-B615-44F1-BEA2-6B87D3AB9F8C}.Release|x86.ActiveCfg = Release|Any CPU
		{4B54F27C-B615-44F1-BEA2-6B87D3AB9F8C}.Release|x86.Build.0 = Release|Any CPU
		{060F8421-0397-4ECB-90B7-875B5CD9B507}.Debug|Any CPU.ActiveCfg = Debug|Any CPU
		{060F8421-0397-4ECB-90B7-875B5CD9B507}.Debug|Any CPU.Build.0 = Debug|Any CPU
		{060F8421-0397-4ECB-90B7-875B5CD9B507}.Debug|ARM.ActiveCfg = Debug|Any CPU
		{060F8421-0397-4ECB-90B7-875B5CD9B507}.Debug|ARM.Build.0 = Debug|Any CPU
		{060F8421-0397-4ECB-90B7-875B5CD9B507}.Debug|x64.ActiveCfg = Debug|Any CPU
		{060F8421-0397-4ECB-90B7-875B5CD9B507}.Debug|x64.Build.0 = Debug|Any CPU
		{060F8421-0397-4ECB-90B7-875B5CD9B507}.Debug|x86.ActiveCfg = Debug|Any CPU
		{060F8421-0397-4ECB-90B7-875B5CD9B507}.Debug|x86.Build.0 = Debug|Any CPU
		{060F8421-0397-4ECB-90B7-875B5CD9B507}.Release|Any CPU.ActiveCfg = Release|Any CPU
		{060F8421-0397-4ECB-90B7-875B5CD9B507}.Release|Any CPU.Build.0 = Release|Any CPU
		{060F8421-0397-4ECB-90B7-875B5CD9B507}.Release|ARM.ActiveCfg = Release|Any CPU
		{060F8421-0397-4ECB-90B7-875B5CD9B507}.Release|ARM.Build.0 = Release|Any CPU
		{060F8421-0397-4ECB-90B7-875B5CD9B507}.Release|x64.ActiveCfg = Release|Any CPU
		{060F8421-0397-4ECB-90B7-875B5CD9B507}.Release|x64.Build.0 = Release|Any CPU
		{060F8421-0397-4ECB-90B7-875B5CD9B507}.Release|x86.ActiveCfg = Release|Any CPU
		{060F8421-0397-4ECB-90B7-875B5CD9B507}.Release|x86.Build.0 = Release|Any CPU
		{F339DA1F-7C1C-4234-AF71-7A0E2AD9F714}.Debug|Any CPU.ActiveCfg = Debug|Any CPU
		{F339DA1F-7C1C-4234-AF71-7A0E2AD9F714}.Debug|Any CPU.Build.0 = Debug|Any CPU
		{F339DA1F-7C1C-4234-AF71-7A0E2AD9F714}.Debug|ARM.ActiveCfg = Debug|Any CPU
		{F339DA1F-7C1C-4234-AF71-7A0E2AD9F714}.Debug|ARM.Build.0 = Debug|Any CPU
		{F339DA1F-7C1C-4234-AF71-7A0E2AD9F714}.Debug|x64.ActiveCfg = Debug|Any CPU
		{F339DA1F-7C1C-4234-AF71-7A0E2AD9F714}.Debug|x64.Build.0 = Debug|Any CPU
		{F339DA1F-7C1C-4234-AF71-7A0E2AD9F714}.Debug|x86.ActiveCfg = Debug|Any CPU
		{F339DA1F-7C1C-4234-AF71-7A0E2AD9F714}.Debug|x86.Build.0 = Debug|Any CPU
		{F339DA1F-7C1C-4234-AF71-7A0E2AD9F714}.Release|Any CPU.ActiveCfg = Release|Any CPU
		{F339DA1F-7C1C-4234-AF71-7A0E2AD9F714}.Release|Any CPU.Build.0 = Release|Any CPU
		{F339DA1F-7C1C-4234-AF71-7A0E2AD9F714}.Release|ARM.ActiveCfg = Release|Any CPU
		{F339DA1F-7C1C-4234-AF71-7A0E2AD9F714}.Release|ARM.Build.0 = Release|Any CPU
		{F339DA1F-7C1C-4234-AF71-7A0E2AD9F714}.Release|x64.ActiveCfg = Release|Any CPU
		{F339DA1F-7C1C-4234-AF71-7A0E2AD9F714}.Release|x64.Build.0 = Release|Any CPU
		{F339DA1F-7C1C-4234-AF71-7A0E2AD9F714}.Release|x86.ActiveCfg = Release|Any CPU
		{F339DA1F-7C1C-4234-AF71-7A0E2AD9F714}.Release|x86.Build.0 = Release|Any CPU
		{9B168FBF-D57B-4971-85CE-714B25159BDB}.Debug|Any CPU.ActiveCfg = Debug|Any CPU
		{9B168FBF-D57B-4971-85CE-714B25159BDB}.Debug|Any CPU.Build.0 = Debug|Any CPU
		{9B168FBF-D57B-4971-85CE-714B25159BDB}.Debug|ARM.ActiveCfg = Debug|Any CPU
		{9B168FBF-D57B-4971-85CE-714B25159BDB}.Debug|ARM.Build.0 = Debug|Any CPU
		{9B168FBF-D57B-4971-85CE-714B25159BDB}.Debug|x64.ActiveCfg = Debug|Any CPU
		{9B168FBF-D57B-4971-85CE-714B25159BDB}.Debug|x64.Build.0 = Debug|Any CPU
		{9B168FBF-D57B-4971-85CE-714B25159BDB}.Debug|x86.ActiveCfg = Debug|Any CPU
		{9B168FBF-D57B-4971-85CE-714B25159BDB}.Debug|x86.Build.0 = Debug|Any CPU
		{9B168FBF-D57B-4971-85CE-714B25159BDB}.Release|Any CPU.ActiveCfg = Release|Any CPU
		{9B168FBF-D57B-4971-85CE-714B25159BDB}.Release|Any CPU.Build.0 = Release|Any CPU
		{9B168FBF-D57B-4971-85CE-714B25159BDB}.Release|ARM.ActiveCfg = Release|Any CPU
		{9B168FBF-D57B-4971-85CE-714B25159BDB}.Release|ARM.Build.0 = Release|Any CPU
		{9B168FBF-D57B-4971-85CE-714B25159BDB}.Release|x64.ActiveCfg = Release|Any CPU
		{9B168FBF-D57B-4971-85CE-714B25159BDB}.Release|x64.Build.0 = Release|Any CPU
		{9B168FBF-D57B-4971-85CE-714B25159BDB}.Release|x86.ActiveCfg = Release|Any CPU
		{9B168FBF-D57B-4971-85CE-714B25159BDB}.Release|x86.Build.0 = Release|Any CPU
		{1DD0A364-7FD9-4D34-BCD0-D26AC938D718}.Debug|Any CPU.ActiveCfg = Debug|Any CPU
		{1DD0A364-7FD9-4D34-BCD0-D26AC938D718}.Debug|Any CPU.Build.0 = Debug|Any CPU
		{1DD0A364-7FD9-4D34-BCD0-D26AC938D718}.Debug|ARM.ActiveCfg = Debug|Any CPU
		{1DD0A364-7FD9-4D34-BCD0-D26AC938D718}.Debug|ARM.Build.0 = Debug|Any CPU
		{1DD0A364-7FD9-4D34-BCD0-D26AC938D718}.Debug|x64.ActiveCfg = Debug|Any CPU
		{1DD0A364-7FD9-4D34-BCD0-D26AC938D718}.Debug|x64.Build.0 = Debug|Any CPU
		{1DD0A364-7FD9-4D34-BCD0-D26AC938D718}.Debug|x86.ActiveCfg = Debug|Any CPU
		{1DD0A364-7FD9-4D34-BCD0-D26AC938D718}.Debug|x86.Build.0 = Debug|Any CPU
		{1DD0A364-7FD9-4D34-BCD0-D26AC938D718}.Release|Any CPU.ActiveCfg = Release|Any CPU
		{1DD0A364-7FD9-4D34-BCD0-D26AC938D718}.Release|Any CPU.Build.0 = Release|Any CPU
		{1DD0A364-7FD9-4D34-BCD0-D26AC938D718}.Release|ARM.ActiveCfg = Release|Any CPU
		{1DD0A364-7FD9-4D34-BCD0-D26AC938D718}.Release|ARM.Build.0 = Release|Any CPU
		{1DD0A364-7FD9-4D34-BCD0-D26AC938D718}.Release|x64.ActiveCfg = Release|Any CPU
		{1DD0A364-7FD9-4D34-BCD0-D26AC938D718}.Release|x64.Build.0 = Release|Any CPU
		{1DD0A364-7FD9-4D34-BCD0-D26AC938D718}.Release|x86.ActiveCfg = Release|Any CPU
		{1DD0A364-7FD9-4D34-BCD0-D26AC938D718}.Release|x86.Build.0 = Release|Any CPU
		{C3CA803D-FC3A-4290-9774-6A5956463AB4}.Debug|Any CPU.ActiveCfg = Debug|Any CPU
		{C3CA803D-FC3A-4290-9774-6A5956463AB4}.Debug|Any CPU.Build.0 = Debug|Any CPU
		{C3CA803D-FC3A-4290-9774-6A5956463AB4}.Debug|ARM.ActiveCfg = Debug|Any CPU
		{C3CA803D-FC3A-4290-9774-6A5956463AB4}.Debug|ARM.Build.0 = Debug|Any CPU
		{C3CA803D-FC3A-4290-9774-6A5956463AB4}.Debug|x64.ActiveCfg = Debug|Any CPU
		{C3CA803D-FC3A-4290-9774-6A5956463AB4}.Debug|x64.Build.0 = Debug|Any CPU
		{C3CA803D-FC3A-4290-9774-6A5956463AB4}.Debug|x86.ActiveCfg = Debug|Any CPU
		{C3CA803D-FC3A-4290-9774-6A5956463AB4}.Debug|x86.Build.0 = Debug|Any CPU
		{C3CA803D-FC3A-4290-9774-6A5956463AB4}.Release|Any CPU.ActiveCfg = Release|Any CPU
		{C3CA803D-FC3A-4290-9774-6A5956463AB4}.Release|Any CPU.Build.0 = Release|Any CPU
		{C3CA803D-FC3A-4290-9774-6A5956463AB4}.Release|ARM.ActiveCfg = Release|Any CPU
		{C3CA803D-FC3A-4290-9774-6A5956463AB4}.Release|ARM.Build.0 = Release|Any CPU
		{C3CA803D-FC3A-4290-9774-6A5956463AB4}.Release|x64.ActiveCfg = Release|Any CPU
		{C3CA803D-FC3A-4290-9774-6A5956463AB4}.Release|x64.Build.0 = Release|Any CPU
		{C3CA803D-FC3A-4290-9774-6A5956463AB4}.Release|x86.ActiveCfg = Release|Any CPU
		{C3CA803D-FC3A-4290-9774-6A5956463AB4}.Release|x86.Build.0 = Release|Any CPU
		{12976270-3B9A-4F5B-970B-0F4ED54DD91C}.Debug|Any CPU.ActiveCfg = Debug|Any CPU
		{12976270-3B9A-4F5B-970B-0F4ED54DD91C}.Debug|Any CPU.Build.0 = Debug|Any CPU
		{12976270-3B9A-4F5B-970B-0F4ED54DD91C}.Debug|ARM.ActiveCfg = Debug|Any CPU
		{12976270-3B9A-4F5B-970B-0F4ED54DD91C}.Debug|ARM.Build.0 = Debug|Any CPU
		{12976270-3B9A-4F5B-970B-0F4ED54DD91C}.Debug|x64.ActiveCfg = Debug|Any CPU
		{12976270-3B9A-4F5B-970B-0F4ED54DD91C}.Debug|x64.Build.0 = Debug|Any CPU
		{12976270-3B9A-4F5B-970B-0F4ED54DD91C}.Debug|x86.ActiveCfg = Debug|Any CPU
		{12976270-3B9A-4F5B-970B-0F4ED54DD91C}.Debug|x86.Build.0 = Debug|Any CPU
		{12976270-3B9A-4F5B-970B-0F4ED54DD91C}.Release|Any CPU.ActiveCfg = Release|Any CPU
		{12976270-3B9A-4F5B-970B-0F4ED54DD91C}.Release|Any CPU.Build.0 = Release|Any CPU
		{12976270-3B9A-4F5B-970B-0F4ED54DD91C}.Release|ARM.ActiveCfg = Release|Any CPU
		{12976270-3B9A-4F5B-970B-0F4ED54DD91C}.Release|ARM.Build.0 = Release|Any CPU
		{12976270-3B9A-4F5B-970B-0F4ED54DD91C}.Release|x64.ActiveCfg = Release|Any CPU
		{12976270-3B9A-4F5B-970B-0F4ED54DD91C}.Release|x64.Build.0 = Release|Any CPU
		{12976270-3B9A-4F5B-970B-0F4ED54DD91C}.Release|x86.ActiveCfg = Release|Any CPU
		{12976270-3B9A-4F5B-970B-0F4ED54DD91C}.Release|x86.Build.0 = Release|Any CPU
	EndGlobalSection
	GlobalSection(SolutionProperties) = preSolution
		HideSolutionNode = FALSE
	EndGlobalSection
	GlobalSection(NestedProjects) = preSolution
		{BB8231BD-8296-4E79-8FC5-3645E989D495} = {F3E4E2E7-E785-4F2B-9872-874819F54DE1}
		{9DC30153-C6F8-4CC1-980D-A7ABB0FF6090} = {23C751ED-2E81-492D-B9B6-C2C57D204E33}
		{AC4B5965-CAC1-478B-8179-4BF0A95BC908} = {11F9C482-459F-47DE-9159-64D211860BAE}
		{1245E1DF-F20F-4E3C-A916-7AB94568B010} = {11F9C482-459F-47DE-9159-64D211860BAE}
		{27DF239A-523F-4677-8DBE-1C19DC55AC27} = {11F9C482-459F-47DE-9159-64D211860BAE}
		{A3804A74-C4C8-4E9E-943F-B29FC2287D4B} = {AF377E2F-613E-4307-85B6-F8DB8218D34D}
		{4D3E91F8-F7DF-4274-9B8D-06D237516792} = {AF377E2F-613E-4307-85B6-F8DB8218D34D}
		{58DEB36F-B943-4D86-A856-4C0C6922191A} = {2758CF58-47CA-46F4-9DE3-BBD993E77C63}
		{AD4BC02A-EFB9-4ACA-948C-8A2BD6668DA8} = {2758CF58-47CA-46F4-9DE3-BBD993E77C63}
		{2773EB61-272A-437F-8338-D6D0F0E0CF72} = {2758CF58-47CA-46F4-9DE3-BBD993E77C63}
		{E150E32C-6E50-47E6-A4DB-8AF940E97BAA} = {2758CF58-47CA-46F4-9DE3-BBD993E77C63}
		{0E758F76-C438-4D5D-B843-685B09A6855A} = {C799F477-4897-4186-913B-7DD15BEDC9A7}
		{97F83074-9471-452D-9953-0CE705149A40} = {25670446-19D4-4318-9C77-0E294BA707E6}
		{F75992F7-4DE1-4364-ABA5-5811E18B37FD} = {2758CF58-47CA-46F4-9DE3-BBD993E77C63}
		{C01E98A3-A3C5-4A91-BAC5-A6218A6E6125} = {F3E4E2E7-E785-4F2B-9872-874819F54DE1}
		{4B54F27C-B615-44F1-BEA2-6B87D3AB9F8C} = {25670446-19D4-4318-9C77-0E294BA707E6}
		{060F8421-0397-4ECB-90B7-875B5CD9B507} = {2758CF58-47CA-46F4-9DE3-BBD993E77C63}
		{F339DA1F-7C1C-4234-AF71-7A0E2AD9F714} = {2758CF58-47CA-46F4-9DE3-BBD993E77C63}
		{1DD0A364-7FD9-4D34-BCD0-D26AC938D718} = {25670446-19D4-4318-9C77-0E294BA707E6}
		{C3CA803D-FC3A-4290-9774-6A5956463AB4} = {25670446-19D4-4318-9C77-0E294BA707E6}
		{12976270-3B9A-4F5B-970B-0F4ED54DD91C} = {2758CF58-47CA-46F4-9DE3-BBD993E77C63}
	EndGlobalSection
	GlobalSection(ExtensibilityGlobals) = postSolution
		SolutionGuid = {EE0AF3FC-4D8D-4845-95F1-B4A2AC466AFF}
	EndGlobalSection
EndGlobal
